// !$*UTF8*$!
{
	archiveVersion = 1;
	classes = {
	};
	objectVersion = 46;
	objects = {

/* Begin PBXBuildFile section */
		B4012D201D1897C400B68AD8 /* main.m in Sources */ = {isa = PBXBuildFile; fileRef = B4012D1F1D1897C400B68AD8 /* main.m */; };
		B4012D231D1897C400B68AD8 /* AppDelegate.m in Sources */ = {isa = PBXBuildFile; fileRef = B4012D221D1897C400B68AD8 /* AppDelegate.m */; };
		B4012D261D1897C400B68AD8 /* CurrentLocationViewController.m in Sources */ = {isa = PBXBuildFile; fileRef = B4012D251D1897C400B68AD8 /* CurrentLocationViewController.m */; };
		B4012D2C1D1897C400B68AD8 /* Main.storyboard in Resources */ = {isa = PBXBuildFile; fileRef = B4012D2A1D1897C400B68AD8 /* Main.storyboard */; };
		B4012D311D1897C400B68AD8 /* LaunchScreen.storyboard in Resources */ = {isa = PBXBuildFile; fileRef = B4012D2F1D1897C400B68AD8 /* LaunchScreen.storyboard */; };
		B4012D3C1D1897C400B68AD8 /* MyLocationsTests.m in Sources */ = {isa = PBXBuildFile; fileRef = B4012D3B1D1897C400B68AD8 /* MyLocationsTests.m */; };
		B4012D471D1897C400B68AD8 /* MyLocationsUITests.m in Sources */ = {isa = PBXBuildFile; fileRef = B4012D461D1897C400B68AD8 /* MyLocationsUITests.m */; };
		B4012D551D18B16800B68AD8 /* CoreLocation.framework in Frameworks */ = {isa = PBXBuildFile; fileRef = B4012D541D18B16800B68AD8 /* CoreLocation.framework */; };
		B40B8C391D1A77FD00F523A8 /* LocationDetailsViewController.m in Sources */ = {isa = PBXBuildFile; fileRef = B40B8C381D1A77FD00F523A8 /* LocationDetailsViewController.m */; };
		B40B8C401D1BA8F100F523A8 /* CategoryPickerViewController.m in Sources */ = {isa = PBXBuildFile; fileRef = B40B8C3F1D1BA8F100F523A8 /* CategoryPickerViewController.m */; };
		B40B8C421D1C843800F523A8 /* KeyboardToolBar.xib in Resources */ = {isa = PBXBuildFile; fileRef = B40B8C411D1C843800F523A8 /* KeyboardToolBar.xib */; };
		B40B8C461D1C9A9F00F523A8 /* HudView.m in Sources */ = {isa = PBXBuildFile; fileRef = B40B8C451D1C9A9F00F523A8 /* HudView.m */; };
		B46BFE8E1D28D53900D6AD8E /* LocationCell.m in Sources */ = {isa = PBXBuildFile; fileRef = B46BFE8D1D28D53900D6AD8E /* LocationCell.m */; };
		B4B920551D2DCF3E00155123 /* NSMutableString+AddText.m in Sources */ = {isa = PBXBuildFile; fileRef = B4B920541D2DCF3E00155123 /* NSMutableString+AddText.m */; };
		B4B920571D2F7B6000155123 /* AudioToolbox.framework in Frameworks */ = {isa = PBXBuildFile; fileRef = B4B920561D2F7B6000155123 /* AudioToolbox.framework */; };
		B4B9205A1D2F7BA300155123 /* Sound.caf in Resources */ = {isa = PBXBuildFile; fileRef = B4B920591D2F7BA300155123 /* Sound.caf */; };
		B4B9205C1D2F7E4C00155123 /* Assets.xcassets in Resources */ = {isa = PBXBuildFile; fileRef = B4B9205B1D2F7E4C00155123 /* Assets.xcassets */; };
		B4DDDA491D2B5F0A0099EE88 /* MapKit.framework in Frameworks */ = {isa = PBXBuildFile; fileRef = B4DDDA481D2B5F0A0099EE88 /* MapKit.framework */; };
		B4DDDA4C1D2B5FF60099EE88 /* MapViewController.m in Sources */ = {isa = PBXBuildFile; fileRef = B4DDDA4B1D2B5FF60099EE88 /* MapViewController.m */; };
		B4FB98E51D25E4FA003B9397 /* CoreData.framework in Frameworks */ = {isa = PBXBuildFile; fileRef = B4FB98E41D25E4FA003B9397 /* CoreData.framework */; };
		B4FB98E81D25E571003B9397 /* DataModel.xcdatamodeld in Sources */ = {isa = PBXBuildFile; fileRef = B4FB98E61D25E571003B9397 /* DataModel.xcdatamodeld */; };
		B4FB98ED1D25E849003B9397 /* Location+CoreDataProperties.m in Sources */ = {isa = PBXBuildFile; fileRef = B4FB98EA1D25E849003B9397 /* Location+CoreDataProperties.m */; };
		B4FB98EE1D25E849003B9397 /* Location.m in Sources */ = {isa = PBXBuildFile; fileRef = B4FB98EC1D25E849003B9397 /* Location.m */; };
		B4FB98F11D27A0F4003B9397 /* LocationsViewController.m in Sources */ = {isa = PBXBuildFile; fileRef = B4FB98F01D27A0F4003B9397 /* LocationsViewController.m */; };
/* End PBXBuildFile section */

/* Begin PBXContainerItemProxy section */
		B4012D381D1897C400B68AD8 /* PBXContainerItemProxy */ = {
			isa = PBXContainerItemProxy;
			containerPortal = B4012D131D1897C400B68AD8 /* Project object */;
			proxyType = 1;
			remoteGlobalIDString = B4012D1A1D1897C400B68AD8;
			remoteInfo = MyLocations;
		};
		B4012D431D1897C400B68AD8 /* PBXContainerItemProxy */ = {
			isa = PBXContainerItemProxy;
			containerPortal = B4012D131D1897C400B68AD8 /* Project object */;
			proxyType = 1;
			remoteGlobalIDString = B4012D1A1D1897C400B68AD8;
			remoteInfo = MyLocations;
		};
/* End PBXContainerItemProxy section */

/* Begin PBXFileReference section */
		B4012D1B1D1897C400B68AD8 /* MyLocations.app */ = {isa = PBXFileReference; explicitFileType = wrapper.application; includeInIndex = 0; path = MyLocations.app; sourceTree = BUILT_PRODUCTS_DIR; };
		B4012D1F1D1897C400B68AD8 /* main.m */ = {isa = PBXFileReference; lastKnownFileType = sourcecode.c.objc; path = main.m; sourceTree = "<group>"; };
		B4012D211D1897C400B68AD8 /* AppDelegate.h */ = {isa = PBXFileReference; lastKnownFileType = sourcecode.c.h; path = AppDelegate.h; sourceTree = "<group>"; };
		B4012D221D1897C400B68AD8 /* AppDelegate.m */ = {isa = PBXFileReference; lastKnownFileType = sourcecode.c.objc; path = AppDelegate.m; sourceTree = "<group>"; };
		B4012D241D1897C400B68AD8 /* CurrentLocationViewController.h */ = {isa = PBXFileReference; lastKnownFileType = sourcecode.c.h; path = CurrentLocationViewController.h; sourceTree = "<group>"; };
		B4012D251D1897C400B68AD8 /* CurrentLocationViewController.m */ = {isa = PBXFileReference; lastKnownFileType = sourcecode.c.objc; path = CurrentLocationViewController.m; sourceTree = "<group>"; };
		B4012D2B1D1897C400B68AD8 /* Base */ = {isa = PBXFileReference; lastKnownFileType = file.storyboard; name = Base; path = Base.lproj/Main.storyboard; sourceTree = "<group>"; };
		B4012D301D1897C400B68AD8 /* Base */ = {isa = PBXFileReference; lastKnownFileType = file.storyboard; name = Base; path = Base.lproj/LaunchScreen.storyboard; sourceTree = "<group>"; };
		B4012D321D1897C400B68AD8 /* Info.plist */ = {isa = PBXFileReference; lastKnownFileType = text.plist.xml; path = Info.plist; sourceTree = "<group>"; };
		B4012D371D1897C400B68AD8 /* MyLocationsTests.xctest */ = {isa = PBXFileReference; explicitFileType = wrapper.cfbundle; includeInIndex = 0; path = MyLocationsTests.xctest; sourceTree = BUILT_PRODUCTS_DIR; };
		B4012D3B1D1897C400B68AD8 /* MyLocationsTests.m */ = {isa = PBXFileReference; lastKnownFileType = sourcecode.c.objc; path = MyLocationsTests.m; sourceTree = "<group>"; };
		B4012D3D1D1897C400B68AD8 /* Info.plist */ = {isa = PBXFileReference; lastKnownFileType = text.plist.xml; path = Info.plist; sourceTree = "<group>"; };
		B4012D421D1897C400B68AD8 /* MyLocationsUITests.xctest */ = {isa = PBXFileReference; explicitFileType = wrapper.cfbundle; includeInIndex = 0; path = MyLocationsUITests.xctest; sourceTree = BUILT_PRODUCTS_DIR; };
		B4012D461D1897C400B68AD8 /* MyLocationsUITests.m */ = {isa = PBXFileReference; lastKnownFileType = sourcecode.c.objc; path = MyLocationsUITests.m; sourceTree = "<group>"; };
		B4012D481D1897C400B68AD8 /* Info.plist */ = {isa = PBXFileReference; lastKnownFileType = text.plist.xml; path = Info.plist; sourceTree = "<group>"; };
		B4012D541D18B16800B68AD8 /* CoreLocation.framework */ = {isa = PBXFileReference; lastKnownFileType = wrapper.framework; name = CoreLocation.framework; path = System/Library/Frameworks/CoreLocation.framework; sourceTree = SDKROOT; };
		B40B8C371D1A77FD00F523A8 /* LocationDetailsViewController.h */ = {isa = PBXFileReference; fileEncoding = 4; lastKnownFileType = sourcecode.c.h; path = LocationDetailsViewController.h; sourceTree = "<group>"; };
		B40B8C381D1A77FD00F523A8 /* LocationDetailsViewController.m */ = {isa = PBXFileReference; fileEncoding = 4; lastKnownFileType = sourcecode.c.objc; path = LocationDetailsViewController.m; sourceTree = "<group>"; };
		B40B8C3E1D1BA8F100F523A8 /* CategoryPickerViewController.h */ = {isa = PBXFileReference; fileEncoding = 4; lastKnownFileType = sourcecode.c.h; path = CategoryPickerViewController.h; sourceTree = "<group>"; };
		B40B8C3F1D1BA8F100F523A8 /* CategoryPickerViewController.m */ = {isa = PBXFileReference; fileEncoding = 4; lastKnownFileType = sourcecode.c.objc; path = CategoryPickerViewController.m; sourceTree = "<group>"; };
		B40B8C411D1C843800F523A8 /* KeyboardToolBar.xib */ = {isa = PBXFileReference; fileEncoding = 4; lastKnownFileType = file.xib; path = KeyboardToolBar.xib; sourceTree = "<group>"; };
		B40B8C441D1C9A9F00F523A8 /* HudView.h */ = {isa = PBXFileReference; fileEncoding = 4; lastKnownFileType = sourcecode.c.h; path = HudView.h; sourceTree = "<group>"; };
		B40B8C451D1C9A9F00F523A8 /* HudView.m */ = {isa = PBXFileReference; fileEncoding = 4; lastKnownFileType = sourcecode.c.objc; path = HudView.m; sourceTree = "<group>"; };
		B46BFE8C1D28D53900D6AD8E /* LocationCell.h */ = {isa = PBXFileReference; fileEncoding = 4; lastKnownFileType = sourcecode.c.h; path = LocationCell.h; sourceTree = "<group>"; };
		B46BFE8D1D28D53900D6AD8E /* LocationCell.m */ = {isa = PBXFileReference; fileEncoding = 4; lastKnownFileType = sourcecode.c.objc; path = LocationCell.m; sourceTree = "<group>"; };
		B4B920531D2DCF3E00155123 /* NSMutableString+AddText.h */ = {isa = PBXFileReference; fileEncoding = 4; lastKnownFileType = sourcecode.c.h; path = "NSMutableString+AddText.h"; sourceTree = "<group>"; };
		B4B920541D2DCF3E00155123 /* NSMutableString+AddText.m */ = {isa = PBXFileReference; fileEncoding = 4; lastKnownFileType = sourcecode.c.objc; path = "NSMutableString+AddText.m"; sourceTree = "<group>"; };
		B4B920561D2F7B6000155123 /* AudioToolbox.framework */ = {isa = PBXFileReference; lastKnownFileType = wrapper.framework; name = AudioToolbox.framework; path = System/Library/Frameworks/AudioToolbox.framework; sourceTree = SDKROOT; };
		B4B920591D2F7BA300155123 /* Sound.caf */ = {isa = PBXFileReference; lastKnownFileType = file; path = Sound.caf; sourceTree = "<group>"; };
		B4B9205B1D2F7E4C00155123 /* Assets.xcassets */ = {isa = PBXFileReference; lastKnownFileType = folder.assetcatalog; path = Assets.xcassets; sourceTree = "<group>"; };
		B4DDDA481D2B5F0A0099EE88 /* MapKit.framework */ = {isa = PBXFileReference; lastKnownFileType = wrapper.framework; name = MapKit.framework; path = System/Library/Frameworks/MapKit.framework; sourceTree = SDKROOT; };
		B4DDDA4A1D2B5FF60099EE88 /* MapViewController.h */ = {isa = PBXFileReference; fileEncoding = 4; lastKnownFileType = sourcecode.c.h; path = MapViewController.h; sourceTree = "<group>"; };
		B4DDDA4B1D2B5FF60099EE88 /* MapViewController.m */ = {isa = PBXFileReference; fileEncoding = 4; lastKnownFileType = sourcecode.c.objc; path = MapViewController.m; sourceTree = "<group>"; };
		B4FB98E41D25E4FA003B9397 /* CoreData.framework */ = {isa = PBXFileReference; lastKnownFileType = wrapper.framework; name = CoreData.framework; path = System/Library/Frameworks/CoreData.framework; sourceTree = SDKROOT; };
		B4FB98E71D25E571003B9397 /* DataModel.xcdatamodel */ = {isa = PBXFileReference; lastKnownFileType = wrapper.xcdatamodel; path = DataModel.xcdatamodel; sourceTree = "<group>"; };
		B4FB98E91D25E849003B9397 /* Location+CoreDataProperties.h */ = {isa = PBXFileReference; fileEncoding = 4; lastKnownFileType = sourcecode.c.h; path = "Location+CoreDataProperties.h"; sourceTree = "<group>"; };
		B4FB98EA1D25E849003B9397 /* Location+CoreDataProperties.m */ = {isa = PBXFileReference; fileEncoding = 4; lastKnownFileType = sourcecode.c.objc; path = "Location+CoreDataProperties.m"; sourceTree = "<group>"; };
		B4FB98EB1D25E849003B9397 /* Location.h */ = {isa = PBXFileReference; fileEncoding = 4; lastKnownFileType = sourcecode.c.h; path = Location.h; sourceTree = "<group>"; };
		B4FB98EC1D25E849003B9397 /* Location.m */ = {isa = PBXFileReference; fileEncoding = 4; lastKnownFileType = sourcecode.c.objc; path = Location.m; sourceTree = "<group>"; };
		B4FB98EF1D27A0F4003B9397 /* LocationsViewController.h */ = {isa = PBXFileReference; fileEncoding = 4; lastKnownFileType = sourcecode.c.h; path = LocationsViewController.h; sourceTree = "<group>"; };
		B4FB98F01D27A0F4003B9397 /* LocationsViewController.m */ = {isa = PBXFileReference; fileEncoding = 4; lastKnownFileType = sourcecode.c.objc; path = LocationsViewController.m; sourceTree = "<group>"; };
/* End PBXFileReference section */

/* Begin PBXFrameworksBuildPhase section */
		B4012D181D1897C400B68AD8 /* Frameworks */ = {
			isa = PBXFrameworksBuildPhase;
			buildActionMask = 2147483647;
			files = (
				B4B920571D2F7B6000155123 /* AudioToolbox.framework in Frameworks */,
				B4DDDA491D2B5F0A0099EE88 /* MapKit.framework in Frameworks */,
				B4FB98E51D25E4FA003B9397 /* CoreData.framework in Frameworks */,
				B4012D551D18B16800B68AD8 /* CoreLocation.framework in Frameworks */,
			);
			runOnlyForDeploymentPostprocessing = 0;
		};
		B4012D341D1897C400B68AD8 /* Frameworks */ = {
			isa = PBXFrameworksBuildPhase;
			buildActionMask = 2147483647;
			files = (
			);
			runOnlyForDeploymentPostprocessing = 0;
		};
		B4012D3F1D1897C400B68AD8 /* Frameworks */ = {
			isa = PBXFrameworksBuildPhase;
			buildActionMask = 2147483647;
			files = (
			);
			runOnlyForDeploymentPostprocessing = 0;
		};
/* End PBXFrameworksBuildPhase section */

/* Begin PBXGroup section */
		B4012D121D1897C400B68AD8 = {
			isa = PBXGroup;
			children = (
				B4B920561D2F7B6000155123 /* AudioToolbox.framework */,
				B4B920531D2DCF3E00155123 /* NSMutableString+AddText.h */,
				B4B920541D2DCF3E00155123 /* NSMutableString+AddText.m */,
				B4DDDA481D2B5F0A0099EE88 /* MapKit.framework */,
				B4FB98E41D25E4FA003B9397 /* CoreData.framework */,
				B4012D541D18B16800B68AD8 /* CoreLocation.framework */,
				B4012D1D1D1897C400B68AD8 /* MyLocations */,
				B4012D3A1D1897C400B68AD8 /* MyLocationsTests */,
				B4012D451D1897C400B68AD8 /* MyLocationsUITests */,
				B4012D1C1D1897C400B68AD8 /* Products */,
			);
			sourceTree = "<group>";
		};
		B4012D1C1D1897C400B68AD8 /* Products */ = {
			isa = PBXGroup;
			children = (
				B4012D1B1D1897C400B68AD8 /* MyLocations.app */,
				B4012D371D1897C400B68AD8 /* MyLocationsTests.xctest */,
				B4012D421D1897C400B68AD8 /* MyLocationsUITests.xctest */,
			);
			name = Products;
			sourceTree = "<group>";
		};
		B4012D1D1D1897C400B68AD8 /* MyLocations */ = {
			isa = PBXGroup;
			children = (
				B4B920581D2F7BA300155123 /* Sound */,
				B4012D211D1897C400B68AD8 /* AppDelegate.h */,
				B4012D221D1897C400B68AD8 /* AppDelegate.m */,
				B4012D241D1897C400B68AD8 /* CurrentLocationViewController.h */,
				B4012D251D1897C400B68AD8 /* CurrentLocationViewController.m */,
				B4012D2A1D1897C400B68AD8 /* Main.storyboard */,
				B4012D2F1D1897C400B68AD8 /* LaunchScreen.storyboard */,
				B4012D321D1897C400B68AD8 /* Info.plist */,
				B4B9205B1D2F7E4C00155123 /* Assets.xcassets */,
				B4012D1E1D1897C400B68AD8 /* Supporting Files */,
				B40B8C371D1A77FD00F523A8 /* LocationDetailsViewController.h */,
				B40B8C381D1A77FD00F523A8 /* LocationDetailsViewController.m */,
				B40B8C411D1C843800F523A8 /* KeyboardToolBar.xib */,
				B40B8C3E1D1BA8F100F523A8 /* CategoryPickerViewController.h */,
				B40B8C3F1D1BA8F100F523A8 /* CategoryPickerViewController.m */,
				B40B8C441D1C9A9F00F523A8 /* HudView.h */,
				B40B8C451D1C9A9F00F523A8 /* HudView.m */,
				B4FB98E61D25E571003B9397 /* DataModel.xcdatamodeld */,
				B4FB98E91D25E849003B9397 /* Location+CoreDataProperties.h */,
				B4FB98EA1D25E849003B9397 /* Location+CoreDataProperties.m */,
				B4FB98EB1D25E849003B9397 /* Location.h */,
				B4FB98EC1D25E849003B9397 /* Location.m */,
				B4FB98EF1D27A0F4003B9397 /* LocationsViewController.h */,
				B4FB98F01D27A0F4003B9397 /* LocationsViewController.m */,
				B46BFE8C1D28D53900D6AD8E /* LocationCell.h */,
				B46BFE8D1D28D53900D6AD8E /* LocationCell.m */,
				B4DDDA4A1D2B5FF60099EE88 /* MapViewController.h */,
				B4DDDA4B1D2B5FF60099EE88 /* MapViewController.m */,
			);
			path = MyLocations;
			sourceTree = "<group>";
		};
		B4012D1E1D1897C400B68AD8 /* Supporting Files */ = {
			isa = PBXGroup;
			children = (
				B4012D1F1D1897C400B68AD8 /* main.m */,
			);
			name = "Supporting Files";
			sourceTree = "<group>";
		};
		B4012D3A1D1897C400B68AD8 /* MyLocationsTests */ = {
			isa = PBXGroup;
			children = (
				B4012D3B1D1897C400B68AD8 /* MyLocationsTests.m */,
				B4012D3D1D1897C400B68AD8 /* Info.plist */,
			);
			path = MyLocationsTests;
			sourceTree = "<group>";
		};
		B4012D451D1897C400B68AD8 /* MyLocationsUITests */ = {
			isa = PBXGroup;
			children = (
				B4012D461D1897C400B68AD8 /* MyLocationsUITests.m */,
				B4012D481D1897C400B68AD8 /* Info.plist */,
			);
			path = MyLocationsUITests;
			sourceTree = "<group>";
		};
		B4B920581D2F7BA300155123 /* Sound */ = {
			isa = PBXGroup;
			children = (
				B4B920591D2F7BA300155123 /* Sound.caf */,
			);
			name = Sound;
			path = "../../../Downloads/The iOS Apprentice 3 - MyLocations/Resources/Sound";
			sourceTree = "<group>";
		};
/* End PBXGroup section */

/* Begin PBXNativeTarget section */
		B4012D1A1D1897C400B68AD8 /* MyLocations */ = {
			isa = PBXNativeTarget;
			buildConfigurationList = B4012D4B1D1897C400B68AD8 /* Build configuration list for PBXNativeTarget "MyLocations" */;
			buildPhases = (
				B4012D171D1897C400B68AD8 /* Sources */,
				B4012D181D1897C400B68AD8 /* Frameworks */,
				B4012D191D1897C400B68AD8 /* Resources */,
			);
			buildRules = (
			);
			dependencies = (
			);
			name = MyLocations;
			productName = MyLocations;
			productReference = B4012D1B1D1897C400B68AD8 /* MyLocations.app */;
			productType = "com.apple.product-type.application";
		};
		B4012D361D1897C400B68AD8 /* MyLocationsTests */ = {
			isa = PBXNativeTarget;
			buildConfigurationList = B4012D4E1D1897C400B68AD8 /* Build configuration list for PBXNativeTarget "MyLocationsTests" */;
			buildPhases = (
				B4012D331D1897C400B68AD8 /* Sources */,
				B4012D341D1897C400B68AD8 /* Frameworks */,
				B4012D351D1897C400B68AD8 /* Resources */,
			);
			buildRules = (
			);
			dependencies = (
				B4012D391D1897C400B68AD8 /* PBXTargetDependency */,
			);
			name = MyLocationsTests;
			productName = MyLocationsTests;
			productReference = B4012D371D1897C400B68AD8 /* MyLocationsTests.xctest */;
			productType = "com.apple.product-type.bundle.unit-test";
		};
		B4012D411D1897C400B68AD8 /* MyLocationsUITests */ = {
			isa = PBXNativeTarget;
			buildConfigurationList = B4012D511D1897C400B68AD8 /* Build configuration list for PBXNativeTarget "MyLocationsUITests" */;
			buildPhases = (
				B4012D3E1D1897C400B68AD8 /* Sources */,
				B4012D3F1D1897C400B68AD8 /* Frameworks */,
				B4012D401D1897C400B68AD8 /* Resources */,
			);
			buildRules = (
			);
			dependencies = (
				B4012D441D1897C400B68AD8 /* PBXTargetDependency */,
			);
			name = MyLocationsUITests;
			productName = MyLocationsUITests;
			productReference = B4012D421D1897C400B68AD8 /* MyLocationsUITests.xctest */;
			productType = "com.apple.product-type.bundle.ui-testing";
		};
/* End PBXNativeTarget section */

/* Begin PBXProject section */
		B4012D131D1897C400B68AD8 /* Project object */ = {
			isa = PBXProject;
			attributes = {
				LastUpgradeCheck = 0730;
				ORGANIZATIONNAME = GG;
				TargetAttributes = {
					B4012D1A1D1897C400B68AD8 = {
						CreatedOnToolsVersion = 7.3.1;
						DevelopmentTeam = 5K28WQ42UU;
					};
					B4012D361D1897C400B68AD8 = {
						CreatedOnToolsVersion = 7.3.1;
						TestTargetID = B4012D1A1D1897C400B68AD8;
					};
					B4012D411D1897C400B68AD8 = {
						CreatedOnToolsVersion = 7.3.1;
						TestTargetID = B4012D1A1D1897C400B68AD8;
					};
				};
			};
			buildConfigurationList = B4012D161D1897C400B68AD8 /* Build configuration list for PBXProject "MyLocations" */;
			compatibilityVersion = "Xcode 3.2";
			developmentRegion = English;
			hasScannedForEncodings = 0;
			knownRegions = (
				en,
				Base,
			);
			mainGroup = B4012D121D1897C400B68AD8;
			productRefGroup = B4012D1C1D1897C400B68AD8 /* Products */;
			projectDirPath = "";
			projectRoot = "";
			targets = (
				B4012D1A1D1897C400B68AD8 /* MyLocations */,
				B4012D361D1897C400B68AD8 /* MyLocationsTests */,
				B4012D411D1897C400B68AD8 /* MyLocationsUITests */,
			);
		};
/* End PBXProject section */

/* Begin PBXResourcesBuildPhase section */
		B4012D191D1897C400B68AD8 /* Resources */ = {
			isa = PBXResourcesBuildPhase;
			buildActionMask = 2147483647;
			files = (
				B40B8C421D1C843800F523A8 /* KeyboardToolBar.xib in Resources */,
				B4012D311D1897C400B68AD8 /* LaunchScreen.storyboard in Resources */,
				B4012D2C1D1897C400B68AD8 /* Main.storyboard in Resources */,
				B4B9205A1D2F7BA300155123 /* Sound.caf in Resources */,
				B4B9205C1D2F7E4C00155123 /* Assets.xcassets in Resources */,
			);
			runOnlyForDeploymentPostprocessing = 0;
		};
		B4012D351D1897C400B68AD8 /* Resources */ = {
			isa = PBXResourcesBuildPhase;
			buildActionMask = 2147483647;
			files = (
			);
			runOnlyForDeploymentPostprocessing = 0;
		};
		B4012D401D1897C400B68AD8 /* Resources */ = {
			isa = PBXResourcesBuildPhase;
			buildActionMask = 2147483647;
			files = (
			);
			runOnlyForDeploymentPostprocessing = 0;
		};
/* End PBXResourcesBuildPhase section */

/* Begin PBXSourcesBuildPhase section */
		B4012D171D1897C400B68AD8 /* Sources */ = {
			isa = PBXSourcesBuildPhase;
			buildActionMask = 2147483647;
			files = (
				B4FB98E81D25E571003B9397 /* DataModel.xcdatamodeld in Sources */,
				B4012D231D1897C400B68AD8 /* AppDelegate.m in Sources */,
				B4FB98ED1D25E849003B9397 /* Location+CoreDataProperties.m in Sources */,
				B4DDDA4C1D2B5FF60099EE88 /* MapViewController.m in Sources */,
				B4012D261D1897C400B68AD8 /* CurrentLocationViewController.m in Sources */,
				B4012D201D1897C400B68AD8 /* main.m in Sources */,
				B4FB98EE1D25E849003B9397 /* Location.m in Sources */,
				B40B8C461D1C9A9F00F523A8 /* HudView.m in Sources */,
				B4FB98F11D27A0F4003B9397 /* LocationsViewController.m in Sources */,
				B40B8C401D1BA8F100F523A8 /* CategoryPickerViewController.m in Sources */,
				B46BFE8E1D28D53900D6AD8E /* LocationCell.m in Sources */,
				B4B920551D2DCF3E00155123 /* NSMutableString+AddText.m in Sources */,
				B40B8C391D1A77FD00F523A8 /* LocationDetailsViewController.m in Sources */,
			);
			runOnlyForDeploymentPostprocessing = 0;
		};
		B4012D331D1897C400B68AD8 /* Sources */ = {
			isa = PBXSourcesBuildPhase;
			buildActionMask = 2147483647;
			files = (
				B4012D3C1D1897C400B68AD8 /* MyLocationsTests.m in Sources */,
			);
			runOnlyForDeploymentPostprocessing = 0;
		};
		B4012D3E1D1897C400B68AD8 /* Sources */ = {
			isa = PBXSourcesBuildPhase;
			buildActionMask = 2147483647;
			files = (
				B4012D471D1897C400B68AD8 /* MyLocationsUITests.m in Sources */,
			);
			runOnlyForDeploymentPostprocessing = 0;
		};
/* End PBXSourcesBuildPhase section */

/* Begin PBXTargetDependency section */
		B4012D391D1897C400B68AD8 /* PBXTargetDependency */ = {
			isa = PBXTargetDependency;
			target = B4012D1A1D1897C400B68AD8 /* MyLocations */;
			targetProxy = B4012D381D1897C400B68AD8 /* PBXContainerItemProxy */;
		};
		B4012D441D1897C400B68AD8 /* PBXTargetDependency */ = {
			isa = PBXTargetDependency;
			target = B4012D1A1D1897C400B68AD8 /* MyLocations */;
			targetProxy = B4012D431D1897C400B68AD8 /* PBXContainerItemProxy */;
		};
/* End PBXTargetDependency section */

/* Begin PBXVariantGroup section */
		B4012D2A1D1897C400B68AD8 /* Main.storyboard */ = {
			isa = PBXVariantGroup;
			children = (
				B4012D2B1D1897C400B68AD8 /* Base */,
			);
			name = Main.storyboard;
			sourceTree = "<group>";
		};
		B4012D2F1D1897C400B68AD8 /* LaunchScreen.storyboard */ = {
			isa = PBXVariantGroup;
			children = (
				B4012D301D1897C400B68AD8 /* Base */,
			);
			name = LaunchScreen.storyboard;
			sourceTree = "<group>";
		};
/* End PBXVariantGroup section */

/* Begin XCBuildConfiguration section */
		B4012D491D1897C400B68AD8 /* Debug */ = {
			isa = XCBuildConfiguration;
			buildSettings = {
				ALWAYS_SEARCH_USER_PATHS = NO;
				CLANG_ANALYZER_NONNULL = YES;
				CLANG_CXX_LANGUAGE_STANDARD = "gnu++0x";
				CLANG_CXX_LIBRARY = "libc++";
				CLANG_ENABLE_MODULES = YES;
				CLANG_ENABLE_OBJC_ARC = YES;
				CLANG_WARN_BOOL_CONVERSION = YES;
				CLANG_WARN_CONSTANT_CONVERSION = YES;
				CLANG_WARN_DIRECT_OBJC_ISA_USAGE = YES_ERROR;
				CLANG_WARN_EMPTY_BODY = YES;
				CLANG_WARN_ENUM_CONVERSION = YES;
				CLANG_WARN_INT_CONVERSION = YES;
				CLANG_WARN_OBJC_ROOT_CLASS = YES_ERROR;
				CLANG_WARN_UNREACHABLE_CODE = YES;
				CLANG_WARN__DUPLICATE_METHOD_MATCH = YES;
				"CODE_SIGN_IDENTITY[sdk=iphoneos*]" = "iPhone Developer";
				COPY_PHASE_STRIP = NO;
				DEBUG_INFORMATION_FORMAT = dwarf;
				ENABLE_STRICT_OBJC_MSGSEND = YES;
				ENABLE_TESTABILITY = YES;
				GCC_C_LANGUAGE_STANDARD = gnu99;
				GCC_DYNAMIC_NO_PIC = NO;
				GCC_NO_COMMON_BLOCKS = YES;
				GCC_OPTIMIZATION_LEVEL = 0;
				GCC_PREPROCESSOR_DEFINITIONS = (
					"DEBUG=1",
					"$(inherited)",
				);
				GCC_WARN_64_TO_32_BIT_CONVERSION = YES;
				GCC_WARN_ABOUT_RETURN_TYPE = YES_ERROR;
				GCC_WARN_UNDECLARED_SELECTOR = YES;
				GCC_WARN_UNINITIALIZED_AUTOS = YES_AGGRESSIVE;
				GCC_WARN_UNUSED_FUNCTION = YES;
				GCC_WARN_UNUSED_VARIABLE = YES;
				IPHONEOS_DEPLOYMENT_TARGET = 9.3;
				MTL_ENABLE_DEBUG_INFO = YES;
				ONLY_ACTIVE_ARCH = YES;
				SDKROOT = iphoneos;
			};
			name = Debug;
		};
		B4012D4A1D1897C400B68AD8 /* Release */ = {
			isa = XCBuildConfiguration;
			buildSettings = {
				ALWAYS_SEARCH_USER_PATHS = NO;
				CLANG_ANALYZER_NONNULL = YES;
				CLANG_CXX_LANGUAGE_STANDARD = "gnu++0x";
				CLANG_CXX_LIBRARY = "libc++";
				CLANG_ENABLE_MODULES = YES;
				CLANG_ENABLE_OBJC_ARC = YES;
				CLANG_WARN_BOOL_CONVERSION = YES;
				CLANG_WARN_CONSTANT_CONVERSION = YES;
				CLANG_WARN_DIRECT_OBJC_ISA_USAGE = YES_ERROR;
				CLANG_WARN_EMPTY_BODY = YES;
				CLANG_WARN_ENUM_CONVERSION = YES;
				CLANG_WARN_INT_CONVERSION = YES;
				CLANG_WARN_OBJC_ROOT_CLASS = YES_ERROR;
				CLANG_WARN_UNREACHABLE_CODE = YES;
				CLANG_WARN__DUPLICATE_METHOD_MATCH = YES;
				"CODE_SIGN_IDENTITY[sdk=iphoneos*]" = "iPhone Developer";
				COPY_PHASE_STRIP = NO;
				DEBUG_INFORMATION_FORMAT = "dwarf-with-dsym";
				ENABLE_NS_ASSERTIONS = NO;
				ENABLE_STRICT_OBJC_MSGSEND = YES;
				GCC_C_LANGUAGE_STANDARD = gnu99;
				GCC_NO_COMMON_BLOCKS = YES;
				GCC_WARN_64_TO_32_BIT_CONVERSION = YES;
				GCC_WARN_ABOUT_RETURN_TYPE = YES_ERROR;
				GCC_WARN_UNDECLARED_SELECTOR = YES;
				GCC_WARN_UNINITIALIZED_AUTOS = YES_AGGRESSIVE;
				GCC_WARN_UNUSED_FUNCTION = YES;
				GCC_WARN_UNUSED_VARIABLE = YES;
				IPHONEOS_DEPLOYMENT_TARGET = 9.3;
				MTL_ENABLE_DEBUG_INFO = NO;
				SDKROOT = iphoneos;
				VALIDATE_PRODUCT = YES;
			};
			name = Release;
		};
		B4012D4C1D1897C400B68AD8 /* Debug */ = {
			isa = XCBuildConfiguration;
			buildSettings = {
				ASSETCATALOG_COMPILER_APPICON_NAME = AppIcon;
				CODE_SIGN_IDENTITY = "iPhone Developer";
				"CODE_SIGN_IDENTITY[sdk=iphoneos*]" = "iPhone Developer";
				INFOPLIST_FILE = MyLocations/Info.plist;
				LD_RUNPATH_SEARCH_PATHS = "$(inherited) @executable_path/Frameworks";
				PRODUCT_BUNDLE_IDENTIFIER = com.ggc.MyLocation;
				PRODUCT_NAME = "$(TARGET_NAME)";
				PROVISIONING_PROFILE = "";
			};
			name = Debug;
		};
		B4012D4D1D1897C400B68AD8 /* Release */ = {
			isa = XCBuildConfiguration;
			buildSettings = {
				ASSETCATALOG_COMPILER_APPICON_NAME = AppIcon;
				CODE_SIGN_IDENTITY = "iPhone Developer";
				"CODE_SIGN_IDENTITY[sdk=iphoneos*]" = "iPhone Developer";
				INFOPLIST_FILE = MyLocations/Info.plist;
				LD_RUNPATH_SEARCH_PATHS = "$(inherited) @executable_path/Frameworks";
				PRODUCT_BUNDLE_IDENTIFIER = com.ggc.MyLocation;
				PRODUCT_NAME = "$(TARGET_NAME)";
				PROVISIONING_PROFILE = "";
			};
			name = Release;
		};
		B4012D4F1D1897C400B68AD8 /* Debug */ = {
			isa = XCBuildConfiguration;
			buildSettings = {
				BUNDLE_LOADER = "$(TEST_HOST)";
				INFOPLIST_FILE = MyLocationsTests/Info.plist;
				LD_RUNPATH_SEARCH_PATHS = "$(inherited) @executable_path/Frameworks @loader_path/Frameworks";
				PRODUCT_BUNDLE_IDENTIFIER = com.ggc.MyLocationsTests;
				PRODUCT_NAME = "$(TARGET_NAME)";
				TEST_HOST = "$(BUILT_PRODUCTS_DIR)/MyLocations.app/MyLocations";
			};
			name = Debug;
		};
		B4012D501D1897C400B68AD8 /* Release */ = {
			isa = XCBuildConfiguration;
			buildSettings = {
				BUNDLE_LOADER = "$(TEST_HOST)";
				INFOPLIST_FILE = MyLocationsTests/Info.plist;
				LD_RUNPATH_SEARCH_PATHS = "$(inherited) @executable_path/Frameworks @loader_path/Frameworks";
				PRODUCT_BUNDLE_IDENTIFIER = com.ggc.MyLocationsTests;
				PRODUCT_NAME = "$(TARGET_NAME)";
				TEST_HOST = "$(BUILT_PRODUCTS_DIR)/MyLocations.app/MyLocations";
			};
			name = Release;
		};
		B4012D521D1897C400B68AD8 /* Debug */ = {
			isa = XCBuildConfiguration;
			buildSettings = {
				INFOPLIST_FILE = MyLocationsUITests/Info.plist;
				LD_RUNPATH_SEARCH_PATHS = "$(inherited) @executable_path/Frameworks @loader_path/Frameworks";
				PRODUCT_BUNDLE_IDENTIFIER = com.ggc.MyLocationsUITests;
				PRODUCT_NAME = "$(TARGET_NAME)";
				TEST_TARGET_NAME = MyLocations;
			};
			name = Debug;
		};
		B4012D531D1897C400B68AD8 /* Release */ = {
			isa = XCBuildConfiguration;
			buildSettings = {
				INFOPLIST_FILE = MyLocationsUITests/Info.plist;
				LD_RUNPATH_SEARCH_PATHS = "$(inherited) @executable_path/Frameworks @loader_path/Frameworks";
				PRODUCT_BUNDLE_IDENTIFIER = com.ggc.MyLocationsUITests;
				PRODUCT_NAME = "$(TARGET_NAME)";
				TEST_TARGET_NAME = MyLocations;
			};
			name = Release;
		};
/* End XCBuildConfiguration section */

/* Begin XCConfigurationList section */
		B4012D161D1897C400B68AD8 /* Build configuration list for PBXProject "MyLocations" */ = {
			isa = XCConfigurationList;
			buildConfigurations = (
				B4012D491D1897C400B68AD8 /* Debug */,
				B4012D4A1D1897C400B68AD8 /* Release */,
			);
			defaultConfigurationIsVisible = 0;
			defaultConfigurationName = Release;
		};
		B4012D4B1D1897C400B68AD8 /* Build configuration list for PBXNativeTarget "MyLocations" */ = {
			isa = XCConfigurationList;
			buildConfigurations = (
				B4012D4C1D1897C400B68AD8 /* Debug */,
				B4012D4D1D1897C400B68AD8 /* Release */,
			);
			defaultConfigurationIsVisible = 0;
			defaultConfigurationName = Release;
		};
		B4012D4E1D1897C400B68AD8 /* Build configuration list for PBXNativeTarget "MyLocationsTests" */ = {
			isa = XCConfigurationList;
			buildConfigurations = (
				B4012D4F1D1897C400B68AD8 /* Debug */,
				B4012D501D1897C400B68AD8 /* Release */,
			);
			defaultConfigurationIsVisible = 0;
			defaultConfigurationName = Release;
		};
		B4012D511D1897C400B68AD8 /* Build configuration list for PBXNativeTarget "MyLocationsUITests" */ = {
			isa = XCConfigurationList;
			buildConfigurations = (
				B4012D521D1897C400B68AD8 /* Debug */,
				B4012D531D1897C400B68AD8 /* Release */,
			);
			defaultConfigurationIsVisible = 0;
			defaultConfigurationName = Release;
		};
/* End XCConfigurationList section */

/* Begin XCVersionGroup section */
		B4FB98E61D25E571003B9397 /* DataModel.xcdatamodeld */ = {
			isa = XCVersionGroup;
			children = (
				B4FB98E71D25E571003B9397 /* DataModel.xcdatamodel */,
			);
			currentVersion = B4FB98E71D25E571003B9397 /* DataModel.xcdatamodel */;
			path = DataModel.xcdatamodeld;
			sourceTree = "<group>";
			versionGroupType = wrapper.xcdatamodel;
		};
/* End XCVersionGroup section */
	};
	rootObject = B4012D131D1897C400B68AD8 /* Project object */;
}
